// !$*UTF8*$!
{
	archiveVersion = 1;
	classes = {
	};
	objectVersion = 52;
	objects = {

/* Begin PBXBuildFile section */
		82E945454FBC1DE0206BBD0A /* Pods_MyGameList.framework in Frameworks */ = {isa = PBXBuildFile; fileRef = 024CF5BB46C70462E4F8D554 /* Pods_MyGameList.framework */; };
		A59815FA132D5018A63301E1 /* Pods_MyGameListTests.framework in Frameworks */ = {isa = PBXBuildFile; fileRef = 8E2F6496D9614039423BEAFA /* Pods_MyGameListTests.framework */; };
		B12FB91144145DBE4FBE7FEC /* Pods_MyGameList_MyGameListUITests.framework in Frameworks */ = {isa = PBXBuildFile; fileRef = FAB8EC5EC9FE4740939090C7 /* Pods_MyGameList_MyGameListUITests.framework */; };
		B6079AD52510154F008E15CC /* AppDelegate.swift in Sources */ = {isa = PBXBuildFile; fileRef = B6079AD42510154F008E15CC /* AppDelegate.swift */; };
		B6079AD72510154F008E15CC /* SceneDelegate.swift in Sources */ = {isa = PBXBuildFile; fileRef = B6079AD62510154F008E15CC /* SceneDelegate.swift */; };
		B6079AD92510154F008E15CC /* LoginViewController.swift in Sources */ = {isa = PBXBuildFile; fileRef = B6079AD82510154F008E15CC /* LoginViewController.swift */; };
		B6079ADC25101550008E15CC /* Main.storyboard in Resources */ = {isa = PBXBuildFile; fileRef = B6079ADA25101550008E15CC /* Main.storyboard */; };
		B6079ADE25101551008E15CC /* Assets.xcassets in Resources */ = {isa = PBXBuildFile; fileRef = B6079ADD25101551008E15CC /* Assets.xcassets */; };
		B6079AE125101551008E15CC /* LaunchScreen.storyboard in Resources */ = {isa = PBXBuildFile; fileRef = B6079ADF25101551008E15CC /* LaunchScreen.storyboard */; };
		B6079AEC25101551008E15CC /* MyGameListTests.swift in Sources */ = {isa = PBXBuildFile; fileRef = B6079AEB25101551008E15CC /* MyGameListTests.swift */; };
		B6079AF725101551008E15CC /* MyGameListUITests.swift in Sources */ = {isa = PBXBuildFile; fileRef = B6079AF625101551008E15CC /* MyGameListUITests.swift */; };
		B62586F2251105B3009608B9 /* ColorsGradient.swift in Sources */ = {isa = PBXBuildFile; fileRef = B62586F1251105B3009608B9 /* ColorsGradient.swift */; };
		B63A64332512CE7A00E7A1FF /* IQKeyboardManagerSwift in Frameworks */ = {isa = PBXBuildFile; productRef = B63A64322512CE7A00E7A1FF /* IQKeyboardManagerSwift */; };
		B63A64352512D49000E7A1FF /* MenuViewController.swift in Sources */ = {isa = PBXBuildFile; fileRef = B63A64342512D49000E7A1FF /* MenuViewController.swift */; };
		B64ED4EE2510F03F005E61F1 /* Consoles.swift in Sources */ = {isa = PBXBuildFile; fileRef = B64ED4ED2510F03F005E61F1 /* Consoles.swift */; };
		B6598166251A978E001E291A /* Game.swift in Sources */ = {isa = PBXBuildFile; fileRef = B6598165251A978E001E291A /* Game.swift */; };
		B6598168251A9903001E291A /* MyGame.swift in Sources */ = {isa = PBXBuildFile; fileRef = B6598167251A9903001E291A /* MyGame.swift */; };
		B659816B251AA8EE001E291A /* Alamofire in Frameworks */ = {isa = PBXBuildFile; productRef = B659816A251AA8EE001E291A /* Alamofire */; };
		B659816D251AABAA001E291A /* GamePlatform.swift in Sources */ = {isa = PBXBuildFile; fileRef = B659816C251AABAA001E291A /* GamePlatform.swift */; };
		B65AFD3F251E800E001C4952 /* loadImages.swift in Sources */ = {isa = PBXBuildFile; fileRef = B65AFD3E251E800E001C4952 /* loadImages.swift */; };
		B65AFD41251E912B001C4952 /* SalvarNovoJogoViewController.swift in Sources */ = {isa = PBXBuildFile; fileRef = B65AFD40251E912B001C4952 /* SalvarNovoJogoViewController.swift */; };
		B6613C462513E5B400163C62 /* UsuarioCard.swift in Sources */ = {isa = PBXBuildFile; fileRef = B6613C452513E5B400163C62 /* UsuarioCard.swift */; };
		B6613C482513E5CD00163C62 /* UsuarioCard.xib in Resources */ = {isa = PBXBuildFile; fileRef = B6613C472513E5CD00163C62 /* UsuarioCard.xib */; };
		B6613C4A2514239600163C62 /* MeusJogosViewController.swift in Sources */ = {isa = PBXBuildFile; fileRef = B6613C492514239600163C62 /* MeusJogosViewController.swift */; };
		B6613C4C251423AC00163C62 /* CadastrarJogosViewController.swift in Sources */ = {isa = PBXBuildFile; fileRef = B6613C4B251423AC00163C62 /* CadastrarJogosViewController.swift */; };
		B66CE57125229EC300F5B17C /* Parents.swift in Sources */ = {isa = PBXBuildFile; fileRef = B66CE57025229EC300F5B17C /* Parents.swift */; };
		B6ADE0DA251147E200378FCA /* SkyFloatingLabelTextField in Frameworks */ = {isa = PBXBuildFile; productRef = B6ADE0D9251147E200378FCA /* SkyFloatingLabelTextField */; };
		B6FBBC2F251EBA05004AF0C0 /* GameParentPlatform.swift in Sources */ = {isa = PBXBuildFile; fileRef = B6FBBC2E251EBA05004AF0C0 /* GameParentPlatform.swift */; };
/* End PBXBuildFile section */

/* Begin PBXContainerItemProxy section */
		B6079AE825101551008E15CC /* PBXContainerItemProxy */ = {
			isa = PBXContainerItemProxy;
			containerPortal = B6079AC92510154F008E15CC /* Project object */;
			proxyType = 1;
			remoteGlobalIDString = B6079AD02510154F008E15CC;
			remoteInfo = MyGameList;
		};
		B6079AF325101551008E15CC /* PBXContainerItemProxy */ = {
			isa = PBXContainerItemProxy;
			containerPortal = B6079AC92510154F008E15CC /* Project object */;
			proxyType = 1;
			remoteGlobalIDString = B6079AD02510154F008E15CC;
			remoteInfo = MyGameList;
		};
/* End PBXContainerItemProxy section */

/* Begin PBXFileReference section */
		024CF5BB46C70462E4F8D554 /* Pods_MyGameList.framework */ = {isa = PBXFileReference; explicitFileType = wrapper.framework; includeInIndex = 0; path = Pods_MyGameList.framework; sourceTree = BUILT_PRODUCTS_DIR; };
		19EDF482BDB32C680ADD2028 /* Pods-MyGameList.debug.xcconfig */ = {isa = PBXFileReference; includeInIndex = 1; lastKnownFileType = text.xcconfig; name = "Pods-MyGameList.debug.xcconfig"; path = "Target Support Files/Pods-MyGameList/Pods-MyGameList.debug.xcconfig"; sourceTree = "<group>"; };
		1F41A1456CD6934B8AD577E1 /* Pods-MyGameListTests.debug.xcconfig */ = {isa = PBXFileReference; includeInIndex = 1; lastKnownFileType = text.xcconfig; name = "Pods-MyGameListTests.debug.xcconfig"; path = "Target Support Files/Pods-MyGameListTests/Pods-MyGameListTests.debug.xcconfig"; sourceTree = "<group>"; };
		44240C17ED423A7FEA8B7F8B /* Pods-MyGameList-MyGameListUITests.debug.xcconfig */ = {isa = PBXFileReference; includeInIndex = 1; lastKnownFileType = text.xcconfig; name = "Pods-MyGameList-MyGameListUITests.debug.xcconfig"; path = "Target Support Files/Pods-MyGameList-MyGameListUITests/Pods-MyGameList-MyGameListUITests.debug.xcconfig"; sourceTree = "<group>"; };
		4B31B579D4592F48D9D3D323 /* Pods-MyGameListTests.release.xcconfig */ = {isa = PBXFileReference; includeInIndex = 1; lastKnownFileType = text.xcconfig; name = "Pods-MyGameListTests.release.xcconfig"; path = "Target Support Files/Pods-MyGameListTests/Pods-MyGameListTests.release.xcconfig"; sourceTree = "<group>"; };
		89687AF4DE430C3FEE6C19BC /* Pods-MyGameList.release.xcconfig */ = {isa = PBXFileReference; includeInIndex = 1; lastKnownFileType = text.xcconfig; name = "Pods-MyGameList.release.xcconfig"; path = "Target Support Files/Pods-MyGameList/Pods-MyGameList.release.xcconfig"; sourceTree = "<group>"; };
		8E2F6496D9614039423BEAFA /* Pods_MyGameListTests.framework */ = {isa = PBXFileReference; explicitFileType = wrapper.framework; includeInIndex = 0; path = Pods_MyGameListTests.framework; sourceTree = BUILT_PRODUCTS_DIR; };
		B0E9F49DA0D8A1CD6BF01505 /* Pods-MyGameList-MyGameListUITests.release.xcconfig */ = {isa = PBXFileReference; includeInIndex = 1; lastKnownFileType = text.xcconfig; name = "Pods-MyGameList-MyGameListUITests.release.xcconfig"; path = "Target Support Files/Pods-MyGameList-MyGameListUITests/Pods-MyGameList-MyGameListUITests.release.xcconfig"; sourceTree = "<group>"; };
		B6079AD12510154F008E15CC /* MyGameList.app */ = {isa = PBXFileReference; explicitFileType = wrapper.application; includeInIndex = 0; path = MyGameList.app; sourceTree = BUILT_PRODUCTS_DIR; };
		B6079AD42510154F008E15CC /* AppDelegate.swift */ = {isa = PBXFileReference; lastKnownFileType = sourcecode.swift; path = AppDelegate.swift; sourceTree = "<group>"; };
		B6079AD62510154F008E15CC /* SceneDelegate.swift */ = {isa = PBXFileReference; lastKnownFileType = sourcecode.swift; path = SceneDelegate.swift; sourceTree = "<group>"; };
		B6079AD82510154F008E15CC /* LoginViewController.swift */ = {isa = PBXFileReference; lastKnownFileType = sourcecode.swift; path = LoginViewController.swift; sourceTree = "<group>"; };
		B6079ADB25101550008E15CC /* Base */ = {isa = PBXFileReference; lastKnownFileType = file.storyboard; name = Base; path = Base.lproj/Main.storyboard; sourceTree = "<group>"; };
		B6079ADD25101551008E15CC /* Assets.xcassets */ = {isa = PBXFileReference; lastKnownFileType = folder.assetcatalog; path = Assets.xcassets; sourceTree = "<group>"; };
		B6079AE025101551008E15CC /* Base */ = {isa = PBXFileReference; lastKnownFileType = file.storyboard; name = Base; path = Base.lproj/LaunchScreen.storyboard; sourceTree = "<group>"; };
		B6079AE225101551008E15CC /* Info.plist */ = {isa = PBXFileReference; lastKnownFileType = text.plist.xml; path = Info.plist; sourceTree = "<group>"; };
		B6079AE725101551008E15CC /* MyGameListTests.xctest */ = {isa = PBXFileReference; explicitFileType = wrapper.cfbundle; includeInIndex = 0; path = MyGameListTests.xctest; sourceTree = BUILT_PRODUCTS_DIR; };
		B6079AEB25101551008E15CC /* MyGameListTests.swift */ = {isa = PBXFileReference; lastKnownFileType = sourcecode.swift; path = MyGameListTests.swift; sourceTree = "<group>"; };
		B6079AED25101551008E15CC /* Info.plist */ = {isa = PBXFileReference; lastKnownFileType = text.plist.xml; path = Info.plist; sourceTree = "<group>"; };
		B6079AF225101551008E15CC /* MyGameListUITests.xctest */ = {isa = PBXFileReference; explicitFileType = wrapper.cfbundle; includeInIndex = 0; path = MyGameListUITests.xctest; sourceTree = BUILT_PRODUCTS_DIR; };
		B6079AF625101551008E15CC /* MyGameListUITests.swift */ = {isa = PBXFileReference; lastKnownFileType = sourcecode.swift; path = MyGameListUITests.swift; sourceTree = "<group>"; };
		B6079AF825101551008E15CC /* Info.plist */ = {isa = PBXFileReference; lastKnownFileType = text.plist.xml; path = Info.plist; sourceTree = "<group>"; };
		B62586F1251105B3009608B9 /* ColorsGradient.swift */ = {isa = PBXFileReference; lastKnownFileType = sourcecode.swift; path = ColorsGradient.swift; sourceTree = "<group>"; };
		B63A64342512D49000E7A1FF /* MenuViewController.swift */ = {isa = PBXFileReference; lastKnownFileType = sourcecode.swift; path = MenuViewController.swift; sourceTree = "<group>"; };
		B64ED4ED2510F03F005E61F1 /* Consoles.swift */ = {isa = PBXFileReference; lastKnownFileType = sourcecode.swift; path = Consoles.swift; sourceTree = "<group>"; };
		B6598165251A978E001E291A /* Game.swift */ = {isa = PBXFileReference; lastKnownFileType = sourcecode.swift; path = Game.swift; sourceTree = "<group>"; };
		B6598167251A9903001E291A /* MyGame.swift */ = {isa = PBXFileReference; lastKnownFileType = sourcecode.swift; path = MyGame.swift; sourceTree = "<group>"; };
		B659816C251AABAA001E291A /* GamePlatform.swift */ = {isa = PBXFileReference; lastKnownFileType = sourcecode.swift; path = GamePlatform.swift; sourceTree = "<group>"; };
		B65AFD3E251E800E001C4952 /* loadImages.swift */ = {isa = PBXFileReference; lastKnownFileType = sourcecode.swift; path = loadImages.swift; sourceTree = "<group>"; };
		B65AFD40251E912B001C4952 /* SalvarNovoJogoViewController.swift */ = {isa = PBXFileReference; lastKnownFileType = sourcecode.swift; path = SalvarNovoJogoViewController.swift; sourceTree = "<group>"; };
		B6613C452513E5B400163C62 /* UsuarioCard.swift */ = {isa = PBXFileReference; lastKnownFileType = sourcecode.swift; path = UsuarioCard.swift; sourceTree = "<group>"; };
		B6613C472513E5CD00163C62 /* UsuarioCard.xib */ = {isa = PBXFileReference; lastKnownFileType = file.xib; path = UsuarioCard.xib; sourceTree = "<group>"; };
		B6613C492514239600163C62 /* MeusJogosViewController.swift */ = {isa = PBXFileReference; lastKnownFileType = sourcecode.swift; path = MeusJogosViewController.swift; sourceTree = "<group>"; };
		B6613C4B251423AC00163C62 /* CadastrarJogosViewController.swift */ = {isa = PBXFileReference; lastKnownFileType = sourcecode.swift; path = CadastrarJogosViewController.swift; sourceTree = "<group>"; };
		B66CE57025229EC300F5B17C /* Parents.swift */ = {isa = PBXFileReference; lastKnownFileType = sourcecode.swift; path = Parents.swift; sourceTree = "<group>"; };
		B6FBBC2E251EBA05004AF0C0 /* GameParentPlatform.swift */ = {isa = PBXFileReference; lastKnownFileType = sourcecode.swift; path = GameParentPlatform.swift; sourceTree = "<group>"; };
		FAB8EC5EC9FE4740939090C7 /* Pods_MyGameList_MyGameListUITests.framework */ = {isa = PBXFileReference; explicitFileType = wrapper.framework; includeInIndex = 0; path = Pods_MyGameList_MyGameListUITests.framework; sourceTree = BUILT_PRODUCTS_DIR; };
/* End PBXFileReference section */

/* Begin PBXFrameworksBuildPhase section */
		B6079ACE2510154F008E15CC /* Frameworks */ = {
			isa = PBXFrameworksBuildPhase;
			buildActionMask = 2147483647;
			files = (
				82E945454FBC1DE0206BBD0A /* Pods_MyGameList.framework in Frameworks */,
				B659816B251AA8EE001E291A /* Alamofire in Frameworks */,
				B6ADE0DA251147E200378FCA /* SkyFloatingLabelTextField in Frameworks */,
				B63A64332512CE7A00E7A1FF /* IQKeyboardManagerSwift in Frameworks */,
			);
			runOnlyForDeploymentPostprocessing = 0;
		};
		B6079AE425101551008E15CC /* Frameworks */ = {
			isa = PBXFrameworksBuildPhase;
			buildActionMask = 2147483647;
			files = (
				A59815FA132D5018A63301E1 /* Pods_MyGameListTests.framework in Frameworks */,
			);
			runOnlyForDeploymentPostprocessing = 0;
		};
		B6079AEF25101551008E15CC /* Frameworks */ = {
			isa = PBXFrameworksBuildPhase;
			buildActionMask = 2147483647;
			files = (
				B12FB91144145DBE4FBE7FEC /* Pods_MyGameList_MyGameListUITests.framework in Frameworks */,
			);
			runOnlyForDeploymentPostprocessing = 0;
		};
/* End PBXFrameworksBuildPhase section */

/* Begin PBXGroup section */
		7D5AD6B9DC5DB4F87FFF849F /* Frameworks */ = {
			isa = PBXGroup;
			children = (
				024CF5BB46C70462E4F8D554 /* Pods_MyGameList.framework */,
				FAB8EC5EC9FE4740939090C7 /* Pods_MyGameList_MyGameListUITests.framework */,
				8E2F6496D9614039423BEAFA /* Pods_MyGameListTests.framework */,
			);
			name = Frameworks;
			sourceTree = "<group>";
		};
		B6079AC82510154F008E15CC = {
			isa = PBXGroup;
			children = (
				B6079AD32510154F008E15CC /* MyGameList */,
				B6079AEA25101551008E15CC /* MyGameListTests */,
				B6079AF525101551008E15CC /* MyGameListUITests */,
				B6079AD22510154F008E15CC /* Products */,
				F9F5FCD2D0431721B2EC4BA9 /* Pods */,
				7D5AD6B9DC5DB4F87FFF849F /* Frameworks */,
			);
			sourceTree = "<group>";
		};
		B6079AD22510154F008E15CC /* Products */ = {
			isa = PBXGroup;
			children = (
				B6079AD12510154F008E15CC /* MyGameList.app */,
				B6079AE725101551008E15CC /* MyGameListTests.xctest */,
				B6079AF225101551008E15CC /* MyGameListUITests.xctest */,
			);
			name = Products;
			sourceTree = "<group>";
		};
		B6079AD32510154F008E15CC /* MyGameList */ = {
			isa = PBXGroup;
			children = (
				B6079AD42510154F008E15CC /* AppDelegate.swift */,
				B6079AD62510154F008E15CC /* SceneDelegate.swift */,
				B6079ADD25101551008E15CC /* Assets.xcassets */,
				B6079B04251015B1008E15CC /* Models */,
				B6079B082510163B008E15CC /* Cells */,
				B6079B05251015C6008E15CC /* View Models */,
				B6079B07251015F3008E15CC /* Controllers */,
				B6079B06251015DF008E15CC /* Extensions */,
				B62586F02511058F009608B9 /* Utilities */,
				B6079B09251016DB008E15CC /* Storyboards */,
				B6079AE225101551008E15CC /* Info.plist */,
			);
			path = MyGameList;
			sourceTree = "<group>";
		};
		B6079AEA25101551008E15CC /* MyGameListTests */ = {
			isa = PBXGroup;
			children = (
				B6079AEB25101551008E15CC /* MyGameListTests.swift */,
				B6079AED25101551008E15CC /* Info.plist */,
			);
			path = MyGameListTests;
			sourceTree = "<group>";
		};
		B6079AF525101551008E15CC /* MyGameListUITests */ = {
			isa = PBXGroup;
			children = (
				B6079AF625101551008E15CC /* MyGameListUITests.swift */,
				B6079AF825101551008E15CC /* Info.plist */,
			);
			path = MyGameListUITests;
			sourceTree = "<group>";
		};
		B6079B04251015B1008E15CC /* Models */ = {
			isa = PBXGroup;
			children = (
				B64ED4ED2510F03F005E61F1 /* Consoles.swift */,
				B6598165251A978E001E291A /* Game.swift */,
				B66CE57025229EC300F5B17C /* Parents.swift */,
				B6598167251A9903001E291A /* MyGame.swift */,
				B659816C251AABAA001E291A /* GamePlatform.swift */,
				B6FBBC2E251EBA05004AF0C0 /* GameParentPlatform.swift */,
			);
			path = Models;
			sourceTree = "<group>";
		};
		B6079B05251015C6008E15CC /* View Models */ = {
			isa = PBXGroup;
			children = (
			);
			path = "View Models";
			sourceTree = "<group>";
		};
		B6079B06251015DF008E15CC /* Extensions */ = {
			isa = PBXGroup;
			children = (
				B65AFD3E251E800E001C4952 /* loadImages.swift */,
			);
			path = Extensions;
			sourceTree = "<group>";
		};
		B6079B07251015F3008E15CC /* Controllers */ = {
			isa = PBXGroup;
			children = (
				B6079AD82510154F008E15CC /* LoginViewController.swift */,
				B63A64342512D49000E7A1FF /* MenuViewController.swift */,
				B6613C492514239600163C62 /* MeusJogosViewController.swift */,
				B6613C4B251423AC00163C62 /* CadastrarJogosViewController.swift */,
				B65AFD40251E912B001C4952 /* SalvarNovoJogoViewController.swift */,
			);
			path = Controllers;
			sourceTree = "<group>";
		};
		B6079B082510163B008E15CC /* Cells */ = {
			isa = PBXGroup;
			children = (
			);
			path = Cells;
			sourceTree = "<group>";
		};
		B6079B09251016DB008E15CC /* Storyboards */ = {
			isa = PBXGroup;
			children = (
				B6079ADA25101550008E15CC /* Main.storyboard */,
				B6079ADF25101551008E15CC /* LaunchScreen.storyboard */,
				B6613C452513E5B400163C62 /* UsuarioCard.swift */,
				B6613C472513E5CD00163C62 /* UsuarioCard.xib */,
			);
			path = Storyboards;
			sourceTree = "<group>";
		};
		B62586F02511058F009608B9 /* Utilities */ = {
			isa = PBXGroup;
			children = (
				B62586F1251105B3009608B9 /* ColorsGradient.swift */,
			);
			path = Utilities;
			sourceTree = "<group>";
		};
		F9F5FCD2D0431721B2EC4BA9 /* Pods */ = {
			isa = PBXGroup;
			children = (
				19EDF482BDB32C680ADD2028 /* Pods-MyGameList.debug.xcconfig */,
				89687AF4DE430C3FEE6C19BC /* Pods-MyGameList.release.xcconfig */,
				44240C17ED423A7FEA8B7F8B /* Pods-MyGameList-MyGameListUITests.debug.xcconfig */,
				B0E9F49DA0D8A1CD6BF01505 /* Pods-MyGameList-MyGameListUITests.release.xcconfig */,
				1F41A1456CD6934B8AD577E1 /* Pods-MyGameListTests.debug.xcconfig */,
				4B31B579D4592F48D9D3D323 /* Pods-MyGameListTests.release.xcconfig */,
			);
			path = Pods;
			sourceTree = "<group>";
		};
/* End PBXGroup section */

/* Begin PBXNativeTarget section */
		B6079AD02510154F008E15CC /* MyGameList */ = {
			isa = PBXNativeTarget;
			buildConfigurationList = B6079AFB25101551008E15CC /* Build configuration list for PBXNativeTarget "MyGameList" */;
			buildPhases = (
				60FB3A28A3A902E919DCF07E /* [CP] Check Pods Manifest.lock */,
				B6079ACD2510154F008E15CC /* Sources */,
				B6079ACE2510154F008E15CC /* Frameworks */,
				B6079ACF2510154F008E15CC /* Resources */,
				D554078365D500E87C6CD520 /* [CP] Embed Pods Frameworks */,
			);
			buildRules = (
			);
			dependencies = (
			);
			name = MyGameList;
			packageProductDependencies = (
				B6ADE0D9251147E200378FCA /* SkyFloatingLabelTextField */,
				B63A64322512CE7A00E7A1FF /* IQKeyboardManagerSwift */,
				B659816A251AA8EE001E291A /* Alamofire */,
			);
			productName = MyGameList;
			productReference = B6079AD12510154F008E15CC /* MyGameList.app */;
			productType = "com.apple.product-type.application";
		};
		B6079AE625101551008E15CC /* MyGameListTests */ = {
			isa = PBXNativeTarget;
			buildConfigurationList = B6079AFE25101551008E15CC /* Build configuration list for PBXNativeTarget "MyGameListTests" */;
			buildPhases = (
				70BA0BC48E1FB18C67C54D6F /* [CP] Check Pods Manifest.lock */,
				B6079AE325101551008E15CC /* Sources */,
				B6079AE425101551008E15CC /* Frameworks */,
				B6079AE525101551008E15CC /* Resources */,
			);
			buildRules = (
			);
			dependencies = (
				B6079AE925101551008E15CC /* PBXTargetDependency */,
			);
			name = MyGameListTests;
			productName = MyGameListTests;
			productReference = B6079AE725101551008E15CC /* MyGameListTests.xctest */;
			productType = "com.apple.product-type.bundle.unit-test";
		};
		B6079AF125101551008E15CC /* MyGameListUITests */ = {
			isa = PBXNativeTarget;
			buildConfigurationList = B6079B0125101551008E15CC /* Build configuration list for PBXNativeTarget "MyGameListUITests" */;
			buildPhases = (
				2F81DB03FC8DF88E43D7B957 /* [CP] Check Pods Manifest.lock */,
				B6079AEE25101551008E15CC /* Sources */,
				B6079AEF25101551008E15CC /* Frameworks */,
				B6079AF025101551008E15CC /* Resources */,
				C688E350D81EDA4B4AD8FA64 /* [CP] Embed Pods Frameworks */,
			);
			buildRules = (
			);
			dependencies = (
				B6079AF425101551008E15CC /* PBXTargetDependency */,
			);
			name = MyGameListUITests;
			productName = MyGameListUITests;
			productReference = B6079AF225101551008E15CC /* MyGameListUITests.xctest */;
			productType = "com.apple.product-type.bundle.ui-testing";
		};
/* End PBXNativeTarget section */

/* Begin PBXProject section */
		B6079AC92510154F008E15CC /* Project object */ = {
			isa = PBXProject;
			attributes = {
				LastSwiftUpdateCheck = 1170;
				LastUpgradeCheck = 1170;
				ORGANIZATIONNAME = "Kelvin Batista Machado";
				TargetAttributes = {
					B6079AD02510154F008E15CC = {
						CreatedOnToolsVersion = 11.7;
					};
					B6079AE625101551008E15CC = {
						CreatedOnToolsVersion = 11.7;
						TestTargetID = B6079AD02510154F008E15CC;
					};
					B6079AF125101551008E15CC = {
						CreatedOnToolsVersion = 11.7;
						TestTargetID = B6079AD02510154F008E15CC;
					};
				};
			};
			buildConfigurationList = B6079ACC2510154F008E15CC /* Build configuration list for PBXProject "MyGameList" */;
			compatibilityVersion = "Xcode 9.3";
			developmentRegion = en;
			hasScannedForEncodings = 0;
			knownRegions = (
				en,
				Base,
			);
			mainGroup = B6079AC82510154F008E15CC;
			packageReferences = (
				B6ADE0D8251147E200378FCA /* XCRemoteSwiftPackageReference "SkyFloatingLabelTextField" */,
				B63A64312512CE7A00E7A1FF /* XCRemoteSwiftPackageReference "IQKeyboardManager" */,
				B6598169251AA8EE001E291A /* XCRemoteSwiftPackageReference "Alamofire" */,
			);
			productRefGroup = B6079AD22510154F008E15CC /* Products */;
			projectDirPath = "";
			projectRoot = "";
			targets = (
				B6079AD02510154F008E15CC /* MyGameList */,
				B6079AE625101551008E15CC /* MyGameListTests */,
				B6079AF125101551008E15CC /* MyGameListUITests */,
			);
		};
/* End PBXProject section */

/* Begin PBXResourcesBuildPhase section */
		B6079ACF2510154F008E15CC /* Resources */ = {
			isa = PBXResourcesBuildPhase;
			buildActionMask = 2147483647;
			files = (
				B6079AE125101551008E15CC /* LaunchScreen.storyboard in Resources */,
				B6079ADE25101551008E15CC /* Assets.xcassets in Resources */,
				B6613C482513E5CD00163C62 /* UsuarioCard.xib in Resources */,
				B6079ADC25101550008E15CC /* Main.storyboard in Resources */,
			);
			runOnlyForDeploymentPostprocessing = 0;
		};
		B6079AE525101551008E15CC /* Resources */ = {
			isa = PBXResourcesBuildPhase;
			buildActionMask = 2147483647;
			files = (
			);
			runOnlyForDeploymentPostprocessing = 0;
		};
		B6079AF025101551008E15CC /* Resources */ = {
			isa = PBXResourcesBuildPhase;
			buildActionMask = 2147483647;
			files = (
			);
			runOnlyForDeploymentPostprocessing = 0;
		};
/* End PBXResourcesBuildPhase section */

/* Begin PBXShellScriptBuildPhase section */
		2F81DB03FC8DF88E43D7B957 /* [CP] Check Pods Manifest.lock */ = {
			isa = PBXShellScriptBuildPhase;
			buildActionMask = 2147483647;
			files = (
			);
			inputFileListPaths = (
			);
			inputPaths = (
				"${PODS_PODFILE_DIR_PATH}/Podfile.lock",
				"${PODS_ROOT}/Manifest.lock",
			);
			name = "[CP] Check Pods Manifest.lock";
			outputFileListPaths = (
			);
			outputPaths = (
				"$(DERIVED_FILE_DIR)/Pods-MyGameList-MyGameListUITests-checkManifestLockResult.txt",
			);
			runOnlyForDeploymentPostprocessing = 0;
			shellPath = /bin/sh;
			shellScript = "diff \"${PODS_PODFILE_DIR_PATH}/Podfile.lock\" \"${PODS_ROOT}/Manifest.lock\" > /dev/null\nif [ $? != 0 ] ; then\n    # print error to STDERR\n    echo \"error: The sandbox is not in sync with the Podfile.lock. Run 'pod install' or update your CocoaPods installation.\" >&2\n    exit 1\nfi\n# This output is used by Xcode 'outputs' to avoid re-running this script phase.\necho \"SUCCESS\" > \"${SCRIPT_OUTPUT_FILE_0}\"\n";
			showEnvVarsInLog = 0;
		};
		60FB3A28A3A902E919DCF07E /* [CP] Check Pods Manifest.lock */ = {
			isa = PBXShellScriptBuildPhase;
			buildActionMask = 2147483647;
			files = (
			);
			inputFileListPaths = (
			);
			inputPaths = (
				"${PODS_PODFILE_DIR_PATH}/Podfile.lock",
				"${PODS_ROOT}/Manifest.lock",
			);
			name = "[CP] Check Pods Manifest.lock";
			outputFileListPaths = (
			);
			outputPaths = (
				"$(DERIVED_FILE_DIR)/Pods-MyGameList-checkManifestLockResult.txt",
			);
			runOnlyForDeploymentPostprocessing = 0;
			shellPath = /bin/sh;
			shellScript = "diff \"${PODS_PODFILE_DIR_PATH}/Podfile.lock\" \"${PODS_ROOT}/Manifest.lock\" > /dev/null\nif [ $? != 0 ] ; then\n    # print error to STDERR\n    echo \"error: The sandbox is not in sync with the Podfile.lock. Run 'pod install' or update your CocoaPods installation.\" >&2\n    exit 1\nfi\n# This output is used by Xcode 'outputs' to avoid re-running this script phase.\necho \"SUCCESS\" > \"${SCRIPT_OUTPUT_FILE_0}\"\n";
			showEnvVarsInLog = 0;
		};
		70BA0BC48E1FB18C67C54D6F /* [CP] Check Pods Manifest.lock */ = {
			isa = PBXShellScriptBuildPhase;
			buildActionMask = 2147483647;
			files = (
			);
			inputFileListPaths = (
			);
			inputPaths = (
				"${PODS_PODFILE_DIR_PATH}/Podfile.lock",
				"${PODS_ROOT}/Manifest.lock",
			);
			name = "[CP] Check Pods Manifest.lock";
			outputFileListPaths = (
			);
			outputPaths = (
				"$(DERIVED_FILE_DIR)/Pods-MyGameListTests-checkManifestLockResult.txt",
			);
			runOnlyForDeploymentPostprocessing = 0;
			shellPath = /bin/sh;
			shellScript = "diff \"${PODS_PODFILE_DIR_PATH}/Podfile.lock\" \"${PODS_ROOT}/Manifest.lock\" > /dev/null\nif [ $? != 0 ] ; then\n    # print error to STDERR\n    echo \"error: The sandbox is not in sync with the Podfile.lock. Run 'pod install' or update your CocoaPods installation.\" >&2\n    exit 1\nfi\n# This output is used by Xcode 'outputs' to avoid re-running this script phase.\necho \"SUCCESS\" > \"${SCRIPT_OUTPUT_FILE_0}\"\n";
			showEnvVarsInLog = 0;
		};
		C688E350D81EDA4B4AD8FA64 /* [CP] Embed Pods Frameworks */ = {
			isa = PBXShellScriptBuildPhase;
			buildActionMask = 2147483647;
			files = (
			);
			inputFileListPaths = (
				"${PODS_ROOT}/Target Support Files/Pods-MyGameList-MyGameListUITests/Pods-MyGameList-MyGameListUITests-frameworks-${CONFIGURATION}-input-files.xcfilelist",
			);
			name = "[CP] Embed Pods Frameworks";
			outputFileListPaths = (
				"${PODS_ROOT}/Target Support Files/Pods-MyGameList-MyGameListUITests/Pods-MyGameList-MyGameListUITests-frameworks-${CONFIGURATION}-output-files.xcfilelist",
			);
			runOnlyForDeploymentPostprocessing = 0;
			shellPath = /bin/sh;
			shellScript = "\"${PODS_ROOT}/Target Support Files/Pods-MyGameList-MyGameListUITests/Pods-MyGameList-MyGameListUITests-frameworks.sh\"\n";
			showEnvVarsInLog = 0;
		};
		D554078365D500E87C6CD520 /* [CP] Embed Pods Frameworks */ = {
			isa = PBXShellScriptBuildPhase;
			buildActionMask = 2147483647;
			files = (
			);
			inputFileListPaths = (
				"${PODS_ROOT}/Target Support Files/Pods-MyGameList/Pods-MyGameList-frameworks-${CONFIGURATION}-input-files.xcfilelist",
			);
			name = "[CP] Embed Pods Frameworks";
			outputFileListPaths = (
				"${PODS_ROOT}/Target Support Files/Pods-MyGameList/Pods-MyGameList-frameworks-${CONFIGURATION}-output-files.xcfilelist",
			);
			runOnlyForDeploymentPostprocessing = 0;
			shellPath = /bin/sh;
			shellScript = "\"${PODS_ROOT}/Target Support Files/Pods-MyGameList/Pods-MyGameList-frameworks.sh\"\n";
			showEnvVarsInLog = 0;
		};
/* End PBXShellScriptBuildPhase section */

/* Begin PBXSourcesBuildPhase section */
		B6079ACD2510154F008E15CC /* Sources */ = {
			isa = PBXSourcesBuildPhase;
			buildActionMask = 2147483647;
			files = (
				B659816D251AABAA001E291A /* GamePlatform.swift in Sources */,
				B6079AD92510154F008E15CC /* LoginViewController.swift in Sources */,
				B6FBBC2F251EBA05004AF0C0 /* GameParentPlatform.swift in Sources */,
				B63A64352512D49000E7A1FF /* MenuViewController.swift in Sources */,
				B62586F2251105B3009608B9 /* ColorsGradient.swift in Sources */,
				B66CE57125229EC300F5B17C /* Parents.swift in Sources */,
				B6613C4A2514239600163C62 /* MeusJogosViewController.swift in Sources */,
				B6079AD52510154F008E15CC /* AppDelegate.swift in Sources */,
				B65AFD3F251E800E001C4952 /* loadImages.swift in Sources */,
				B6613C462513E5B400163C62 /* UsuarioCard.swift in Sources */,
				B65AFD41251E912B001C4952 /* SalvarNovoJogoViewController.swift in Sources */,
				B64ED4EE2510F03F005E61F1 /* Consoles.swift in Sources */,
				B6598168251A9903001E291A /* MyGame.swift in Sources */,
				B6598166251A978E001E291A /* Game.swift in Sources */,
				B6613C4C251423AC00163C62 /* CadastrarJogosViewController.swift in Sources */,
				B6079AD72510154F008E15CC /* SceneDelegate.swift in Sources */,
			);
			runOnlyForDeploymentPostprocessing = 0;
		};
		B6079AE325101551008E15CC /* Sources */ = {
			isa = PBXSourcesBuildPhase;
			buildActionMask = 2147483647;
			files = (
				B6079AEC25101551008E15CC /* MyGameListTests.swift in Sources */,
			);
			runOnlyForDeploymentPostprocessing = 0;
		};
		B6079AEE25101551008E15CC /* Sources */ = {
			isa = PBXSourcesBuildPhase;
			buildActionMask = 2147483647;
			files = (
				B6079AF725101551008E15CC /* MyGameListUITests.swift in Sources */,
			);
			runOnlyForDeploymentPostprocessing = 0;
		};
/* End PBXSourcesBuildPhase section */

/* Begin PBXTargetDependency section */
		B6079AE925101551008E15CC /* PBXTargetDependency */ = {
			isa = PBXTargetDependency;
			target = B6079AD02510154F008E15CC /* MyGameList */;
			targetProxy = B6079AE825101551008E15CC /* PBXContainerItemProxy */;
		};
		B6079AF425101551008E15CC /* PBXTargetDependency */ = {
			isa = PBXTargetDependency;
			target = B6079AD02510154F008E15CC /* MyGameList */;
			targetProxy = B6079AF325101551008E15CC /* PBXContainerItemProxy */;
		};
/* End PBXTargetDependency section */

/* Begin PBXVariantGroup section */
		B6079ADA25101550008E15CC /* Main.storyboard */ = {
			isa = PBXVariantGroup;
			children = (
				B6079ADB25101550008E15CC /* Base */,
			);
			name = Main.storyboard;
			sourceTree = "<group>";
		};
		B6079ADF25101551008E15CC /* LaunchScreen.storyboard */ = {
			isa = PBXVariantGroup;
			children = (
				B6079AE025101551008E15CC /* Base */,
			);
			name = LaunchScreen.storyboard;
			sourceTree = "<group>";
		};
/* End PBXVariantGroup section */

/* Begin XCBuildConfiguration section */
		B6079AF925101551008E15CC /* Debug */ = {
			isa = XCBuildConfiguration;
			buildSettings = {
				ALWAYS_SEARCH_USER_PATHS = NO;
				CLANG_ANALYZER_NONNULL = YES;
				CLANG_ANALYZER_NUMBER_OBJECT_CONVERSION = YES_AGGRESSIVE;
				CLANG_CXX_LANGUAGE_STANDARD = "gnu++14";
				CLANG_CXX_LIBRARY = "libc++";
				CLANG_ENABLE_MODULES = YES;
				CLANG_ENABLE_OBJC_ARC = YES;
				CLANG_ENABLE_OBJC_WEAK = YES;
				CLANG_WARN_BLOCK_CAPTURE_AUTORELEASING = YES;
				CLANG_WARN_BOOL_CONVERSION = YES;
				CLANG_WARN_COMMA = YES;
				CLANG_WARN_CONSTANT_CONVERSION = YES;
				CLANG_WARN_DEPRECATED_OBJC_IMPLEMENTATIONS = YES;
				CLANG_WARN_DIRECT_OBJC_ISA_USAGE = YES_ERROR;
				CLANG_WARN_DOCUMENTATION_COMMENTS = YES;
				CLANG_WARN_EMPTY_BODY = YES;
				CLANG_WARN_ENUM_CONVERSION = YES;
				CLANG_WARN_INFINITE_RECURSION = YES;
				CLANG_WARN_INT_CONVERSION = YES;
				CLANG_WARN_NON_LITERAL_NULL_CONVERSION = YES;
				CLANG_WARN_OBJC_IMPLICIT_RETAIN_SELF = YES;
				CLANG_WARN_OBJC_LITERAL_CONVERSION = YES;
				CLANG_WARN_OBJC_ROOT_CLASS = YES_ERROR;
				CLANG_WARN_RANGE_LOOP_ANALYSIS = YES;
				CLANG_WARN_STRICT_PROTOTYPES = YES;
				CLANG_WARN_SUSPICIOUS_MOVE = YES;
				CLANG_WARN_UNGUARDED_AVAILABILITY = YES_AGGRESSIVE;
				CLANG_WARN_UNREACHABLE_CODE = YES;
				CLANG_WARN__DUPLICATE_METHOD_MATCH = YES;
				COPY_PHASE_STRIP = NO;
				DEBUG_INFORMATION_FORMAT = dwarf;
				ENABLE_STRICT_OBJC_MSGSEND = YES;
				ENABLE_TESTABILITY = YES;
				GCC_C_LANGUAGE_STANDARD = gnu11;
				GCC_DYNAMIC_NO_PIC = NO;
				GCC_NO_COMMON_BLOCKS = YES;
				GCC_OPTIMIZATION_LEVEL = 0;
				GCC_PREPROCESSOR_DEFINITIONS = (
					"DEBUG=1",
					"$(inherited)",
				);
				GCC_WARN_64_TO_32_BIT_CONVERSION = YES;
				GCC_WARN_ABOUT_RETURN_TYPE = YES_ERROR;
				GCC_WARN_UNDECLARED_SELECTOR = YES;
				GCC_WARN_UNINITIALIZED_AUTOS = YES_AGGRESSIVE;
				GCC_WARN_UNUSED_FUNCTION = YES;
				GCC_WARN_UNUSED_VARIABLE = YES;
				IPHONEOS_DEPLOYMENT_TARGET = 13.7;
				MTL_ENABLE_DEBUG_INFO = INCLUDE_SOURCE;
				MTL_FAST_MATH = YES;
				ONLY_ACTIVE_ARCH = YES;
				SDKROOT = iphoneos;
				SWIFT_ACTIVE_COMPILATION_CONDITIONS = DEBUG;
				SWIFT_OPTIMIZATION_LEVEL = "-Onone";
			};
			name = Debug;
		};
		B6079AFA25101551008E15CC /* Release */ = {
			isa = XCBuildConfiguration;
			buildSettings = {
				ALWAYS_SEARCH_USER_PATHS = NO;
				CLANG_ANALYZER_NONNULL = YES;
				CLANG_ANALYZER_NUMBER_OBJECT_CONVERSION = YES_AGGRESSIVE;
				CLANG_CXX_LANGUAGE_STANDARD = "gnu++14";
				CLANG_CXX_LIBRARY = "libc++";
				CLANG_ENABLE_MODULES = YES;
				CLANG_ENABLE_OBJC_ARC = YES;
				CLANG_ENABLE_OBJC_WEAK = YES;
				CLANG_WARN_BLOCK_CAPTURE_AUTORELEASING = YES;
				CLANG_WARN_BOOL_CONVERSION = YES;
				CLANG_WARN_COMMA = YES;
				CLANG_WARN_CONSTANT_CONVERSION = YES;
				CLANG_WARN_DEPRECATED_OBJC_IMPLEMENTATIONS = YES;
				CLANG_WARN_DIRECT_OBJC_ISA_USAGE = YES_ERROR;
				CLANG_WARN_DOCUMENTATION_COMMENTS = YES;
				CLANG_WARN_EMPTY_BODY = YES;
				CLANG_WARN_ENUM_CONVERSION = YES;
				CLANG_WARN_INFINITE_RECURSION = YES;
				CLANG_WARN_INT_CONVERSION = YES;
				CLANG_WARN_NON_LITERAL_NULL_CONVERSION = YES;
				CLANG_WARN_OBJC_IMPLICIT_RETAIN_SELF = YES;
				CLANG_WARN_OBJC_LITERAL_CONVERSION = YES;
				CLANG_WARN_OBJC_ROOT_CLASS = YES_ERROR;
				CLANG_WARN_RANGE_LOOP_ANALYSIS = YES;
				CLANG_WARN_STRICT_PROTOTYPES = YES;
				CLANG_WARN_SUSPICIOUS_MOVE = YES;
				CLANG_WARN_UNGUARDED_AVAILABILITY = YES_AGGRESSIVE;
				CLANG_WARN_UNREACHABLE_CODE = YES;
				CLANG_WARN__DUPLICATE_METHOD_MATCH = YES;
				COPY_PHASE_STRIP = NO;
				DEBUG_INFORMATION_FORMAT = "dwarf-with-dsym";
				ENABLE_NS_ASSERTIONS = NO;
				ENABLE_STRICT_OBJC_MSGSEND = YES;
				GCC_C_LANGUAGE_STANDARD = gnu11;
				GCC_NO_COMMON_BLOCKS = YES;
				GCC_WARN_64_TO_32_BIT_CONVERSION = YES;
				GCC_WARN_ABOUT_RETURN_TYPE = YES_ERROR;
				GCC_WARN_UNDECLARED_SELECTOR = YES;
				GCC_WARN_UNINITIALIZED_AUTOS = YES_AGGRESSIVE;
				GCC_WARN_UNUSED_FUNCTION = YES;
				GCC_WARN_UNUSED_VARIABLE = YES;
				IPHONEOS_DEPLOYMENT_TARGET = 13.7;
				MTL_ENABLE_DEBUG_INFO = NO;
				MTL_FAST_MATH = YES;
				SDKROOT = iphoneos;
				SWIFT_COMPILATION_MODE = wholemodule;
				SWIFT_OPTIMIZATION_LEVEL = "-O";
				VALIDATE_PRODUCT = YES;
			};
			name = Release;
		};
		B6079AFC25101551008E15CC /* Debug */ = {
			isa = XCBuildConfiguration;
			baseConfigurationReference = 19EDF482BDB32C680ADD2028 /* Pods-MyGameList.debug.xcconfig */;
			buildSettings = {
				ASSETCATALOG_COMPILER_APPICON_NAME = AppIcon;
				CODE_SIGN_STYLE = Automatic;
				DEVELOPMENT_TEAM = 2FXPMLN8LH;
				INFOPLIST_FILE = MyGameList/Info.plist;
				LD_RUNPATH_SEARCH_PATHS = (
					"$(inherited)",
					"@executable_path/Frameworks",
				);
				PRODUCT_BUNDLE_IDENTIFIER = com.projects.kelvinmachado.MyGameList;
				PRODUCT_NAME = "$(TARGET_NAME)";
				SWIFT_VERSION = 5.0;
				TARGETED_DEVICE_FAMILY = "1,2";
			};
			name = Debug;
		};
		B6079AFD25101551008E15CC /* Release */ = {
			isa = XCBuildConfiguration;
			baseConfigurationReference = 89687AF4DE430C3FEE6C19BC /* Pods-MyGameList.release.xcconfig */;
			buildSettings = {
				ASSETCATALOG_COMPILER_APPICON_NAME = AppIcon;
				CODE_SIGN_STYLE = Automatic;
				DEVELOPMENT_TEAM = 2FXPMLN8LH;
				INFOPLIST_FILE = MyGameList/Info.plist;
				LD_RUNPATH_SEARCH_PATHS = (
					"$(inherited)",
					"@executable_path/Frameworks",
				);
				PRODUCT_BUNDLE_IDENTIFIER = com.projects.kelvinmachado.MyGameList;
				PRODUCT_NAME = "$(TARGET_NAME)";
				SWIFT_VERSION = 5.0;
				TARGETED_DEVICE_FAMILY = "1,2";
			};
			name = Release;
		};
		B6079AFF25101551008E15CC /* Debug */ = {
			isa = XCBuildConfiguration;
			baseConfigurationReference = 1F41A1456CD6934B8AD577E1 /* Pods-MyGameListTests.debug.xcconfig */;
			buildSettings = {
				ALWAYS_EMBED_SWIFT_STANDARD_LIBRARIES = YES;
				BUNDLE_LOADER = "$(TEST_HOST)";
				CODE_SIGN_STYLE = Automatic;
				DEVELOPMENT_TEAM = 2FXPMLN8LH;
				INFOPLIST_FILE = MyGameListTests/Info.plist;
				IPHONEOS_DEPLOYMENT_TARGET = 13.7;
				LD_RUNPATH_SEARCH_PATHS = (
					"$(inherited)",
					"@executable_path/Frameworks",
					"@loader_path/Frameworks",
				);
				PRODUCT_BUNDLE_IDENTIFIER = com.projects.kelvinmachado.MyGameListTests;
				PRODUCT_NAME = "$(TARGET_NAME)";
				SWIFT_VERSION = 5.0;
				TARGETED_DEVICE_FAMILY = "1,2";
				TEST_HOST = "$(BUILT_PRODUCTS_DIR)/MyGameList.app/MyGameList";
			};
			name = Debug;
		};
		B6079B0025101551008E15CC /* Release */ = {
			isa = XCBuildConfiguration;
			baseConfigurationReference = 4B31B579D4592F48D9D3D323 /* Pods-MyGameListTests.release.xcconfig */;
			buildSettings = {
				ALWAYS_EMBED_SWIFT_STANDARD_LIBRARIES = YES;
				BUNDLE_LOADER = "$(TEST_HOST)";
				CODE_SIGN_STYLE = Automatic;
				DEVELOPMENT_TEAM = 2FXPMLN8LH;
				INFOPLIST_FILE = MyGameListTests/Info.plist;
				IPHONEOS_DEPLOYMENT_TARGET = 13.7;
				LD_RUNPATH_SEARCH_PATHS = (
					"$(inherited)",
					"@executable_path/Frameworks",
					"@loader_path/Frameworks",
				);
				PRODUCT_BUNDLE_IDENTIFIER = com.projects.kelvinmachado.MyGameListTests;
				PRODUCT_NAME = "$(TARGET_NAME)";
				SWIFT_VERSION = 5.0;
				TARGETED_DEVICE_FAMILY = "1,2";
				TEST_HOST = "$(BUILT_PRODUCTS_DIR)/MyGameList.app/MyGameList";
			};
			name = Release;
		};
		B6079B0225101551008E15CC /* Debug */ = {
			isa = XCBuildConfiguration;
			baseConfigurationReference = 44240C17ED423A7FEA8B7F8B /* Pods-MyGameList-MyGameListUITests.debug.xcconfig */;
			buildSettings = {
				ALWAYS_EMBED_SWIFT_STANDARD_LIBRARIES = YES;
				CODE_SIGN_STYLE = Automatic;
				DEVELOPMENT_TEAM = 2FXPMLN8LH;
				INFOPLIST_FILE = MyGameListUITests/Info.plist;
				LD_RUNPATH_SEARCH_PATHS = (
					"$(inherited)",
					"@executable_path/Frameworks",
					"@loader_path/Frameworks",
				);
				PRODUCT_BUNDLE_IDENTIFIER = com.projects.kelvinmachado.MyGameListUITests;
				PRODUCT_NAME = "$(TARGET_NAME)";
				SWIFT_VERSION = 5.0;
				TARGETED_DEVICE_FAMILY = "1,2";
				TEST_TARGET_NAME = MyGameList;
			};
			name = Debug;
		};
		B6079B0325101551008E15CC /* Release */ = {
			isa = XCBuildConfiguration;
			baseConfigurationReference = B0E9F49DA0D8A1CD6BF01505 /* Pods-MyGameList-MyGameListUITests.release.xcconfig */;
			buildSettings = {
				ALWAYS_EMBED_SWIFT_STANDARD_LIBRARIES = YES;
				CODE_SIGN_STYLE = Automatic;
				DEVELOPMENT_TEAM = 2FXPMLN8LH;
				INFOPLIST_FILE = MyGameListUITests/Info.plist;
				LD_RUNPATH_SEARCH_PATHS = (
					"$(inherited)",
					"@executable_path/Frameworks",
					"@loader_path/Frameworks",
				);
				PRODUCT_BUNDLE_IDENTIFIER = com.projects.kelvinmachado.MyGameListUITests;
				PRODUCT_NAME = "$(TARGET_NAME)";
				SWIFT_VERSION = 5.0;
				TARGETED_DEVICE_FAMILY = "1,2";
				TEST_TARGET_NAME = MyGameList;
			};
			name = Release;
		};
/* End XCBuildConfiguration section */

/* Begin XCConfigurationList section */
		B6079ACC2510154F008E15CC /* Build configuration list for PBXProject "MyGameList" */ = {
			isa = XCConfigurationList;
			buildConfigurations = (
				B6079AF925101551008E15CC /* Debug */,
				B6079AFA25101551008E15CC /* Release */,
			);
			defaultConfigurationIsVisible = 0;
			defaultConfigurationName = Release;
		};
		B6079AFB25101551008E15CC /* Build configuration list for PBXNativeTarget "MyGameList" */ = {
			isa = XCConfigurationList;
			buildConfigurations = (
				B6079AFC25101551008E15CC /* Debug */,
				B6079AFD25101551008E15CC /* Release */,
			);
			defaultConfigurationIsVisible = 0;
			defaultConfigurationName = Release;
		};
		B6079AFE25101551008E15CC /* Build configuration list for PBXNativeTarget "MyGameListTests" */ = {
			isa = XCConfigurationList;
			buildConfigurations = (
				B6079AFF25101551008E15CC /* Debug */,
				B6079B0025101551008E15CC /* Release */,
			);
			defaultConfigurationIsVisible = 0;
			defaultConfigurationName = Release;
		};
		B6079B0125101551008E15CC /* Build configuration list for PBXNativeTarget "MyGameListUITests" */ = {
			isa = XCConfigurationList;
			buildConfigurations = (
				B6079B0225101551008E15CC /* Debug */,
				B6079B0325101551008E15CC /* Release */,
			);
			defaultConfigurationIsVisible = 0;
			defaultConfigurationName = Release;
		};
/* End XCConfigurationList section */

/* Begin XCRemoteSwiftPackageReference section */
		B63A64312512CE7A00E7A1FF /* XCRemoteSwiftPackageReference "IQKeyboardManager" */ = {
			isa = XCRemoteSwiftPackageReference;
			repositoryURL = "https://github.com/hackiftekhar/IQKeyboardManager.git";
			requirement = {
				kind = upToNextMajorVersion;
				minimumVersion = 6.5.6;
			};
		};
		B6598169251AA8EE001E291A /* XCRemoteSwiftPackageReference "Alamofire" */ = {
			isa = XCRemoteSwiftPackageReference;
			repositoryURL = "https://github.com/Alamofire/Alamofire.git";
			requirement = {
				kind = upToNextMajorVersion;
				minimumVersion = 5.2.2;
			};
		};
		B6ADE0D8251147E200378FCA /* XCRemoteSwiftPackageReference "SkyFloatingLabelTextField" */ = {
			isa = XCRemoteSwiftPackageReference;
			repositoryURL = "https://github.com/Skyscanner/SkyFloatingLabelTextField.git";
			requirement = {
				kind = upToNextMajorVersion;
				minimumVersion = 3.8.0;
			};
		};
/* End XCRemoteSwiftPackageReference section */

/* Begin XCSwiftPackageProductDependency section */
		B63A64322512CE7A00E7A1FF /* IQKeyboardManagerSwift */ = {
			isa = XCSwiftPackageProductDependency;
			package = B63A64312512CE7A00E7A1FF /* XCRemoteSwiftPackageReference "IQKeyboardManager" */;
			productName = IQKeyboardManagerSwift;
		};
		B659816A251AA8EE001E291A /* Alamofire */ = {
			isa = XCSwiftPackageProductDependency;
			package = B6598169251AA8EE001E291A /* XCRemoteSwiftPackageReference "Alamofire" */;
			productName = Alamofire;
		};
		B6ADE0D9251147E200378FCA /* SkyFloatingLabelTextField */ = {
			isa = XCSwiftPackageProductDependency;
			package = B6ADE0D8251147E200378FCA /* XCRemoteSwiftPackageReference "SkyFloatingLabelTextField" */;
			productName = SkyFloatingLabelTextField;
		};
/* End XCSwiftPackageProductDependency section */
	};
	rootObject = B6079AC92510154F008E15CC /* Project object */;
}
